
Microsoft Visual Studio Solution File, Format Version 12.00
# Visual Studio Version 16
VisualStudioVersion = 16.0.28917.181
MinimumVisualStudioVersion = 10.0.40219.1
Project("{FAE04EC0-301F-11D3-BF4B-00C04F79EFBC}") = "PRO_BackendApp_v2", "PRO_BackendApp_v2\PRO_BackendApp_v2.csproj", "{7D2A0BF0-7548-45B0-85F2-4CAC0244CE86}"
EndProject
Global
	GlobalSection(SolutionConfigurationPlatforms) = preSolution
		Debug|Any CPU = Debug|Any CPU
		Release|Any CPU = Release|Any CPU
	EndGlobalSection
	GlobalSection(ProjectConfigurationPlatforms) = postSolution
		{7D2A0BF0-7548-45B0-85F2-4CAC0244CE86}.Debug|Any CPU.ActiveCfg = Debug|Any CPU
		{7D2A0BF0-7548-45B0-85F2-4CAC0244CE86}.Debug|Any CPU.Build.0 = Debug|Any CPU
		{7D2A0BF0-7548-45B0-85F2-4CAC0244CE86}.Release|Any CPU.ActiveCfg = Release|Any CPU
		{7D2A0BF0-7548-45B0-85F2-4CAC0244CE86}.Release|Any CPU.Build.0 = Release|Any CPU
	EndGlobalSection
	GlobalSection(SolutionProperties) = preSolution
		HideSolutionNode = FALSE
	EndGlobalSection
	GlobalSection(ExtensibilityGlobals) = postSolution
		SolutionGuid = {A602A0D6-DDE8-46F9-BEBA-47C0B82087A3}
	EndGlobalSection
EndGlobal
